// !$*UTF8*$!
{
	archiveVersion = 1;
	classes = {
	};
	objectVersion = 42;
	objects = {

/* Begin PBXBuildFile section */
		8D0C4E8D0486CD37000505A6 /* InfoPlist.strings in Resources */ = {isa = PBXBuildFile; fileRef = 0867D6AAFE840B52C02AAC07 /* InfoPlist.strings */; };
		8D0C4E920486CD37000505A6 /* Carbon.framework in Frameworks */ = {isa = PBXBuildFile; fileRef = 20286C33FDCF999611CA2CEA /* Carbon.framework */; };
		C98949720DE9D58B0026565F /* toolbox_002.icns in CopyFiles */ = {isa = PBXBuildFile; fileRef = C98949690DE9D48F0026565F /* toolbox_002.icns */; };
		C989497D0DE9E4CA0026565F /* Dtk_Layout.cxx in Sources */ = {isa = PBXBuildFile; fileRef = C98949790DE9E4CA0026565F /* Dtk_Layout.cxx */; };
		C989497E0DE9E4CA0026565F /* Dtk_Script.cxx in Sources */ = {isa = PBXBuildFile; fileRef = C989497B0DE9E4CA0026565F /* Dtk_Script.cxx */; };
		C9FB9BF80DE352BE00026BB1 /* sandbox.cxx in Sources */ = {isa = PBXBuildFile; fileRef = C9FB9B540DE352BD00026BB1 /* sandbox.cxx */; };
		C9FB9BF90DE352BE00026BB1 /* Dtk_Document.cxx in Sources */ = {isa = PBXBuildFile; fileRef = C9FB9B560DE352BD00026BB1 /* Dtk_Document.cxx */; };
		C9FB9BFB0DE352BE00026BB1 /* Dtk_Document_List.cxx in Sources */ = {isa = PBXBuildFile; fileRef = C9FB9B590DE352BE00026BB1 /* Dtk_Document_List.cxx */; };
		C9FB9BFD0DE352BE00026BB1 /* Dtk_Error.cxx in Sources */ = {isa = PBXBuildFile; fileRef = C9FB9B5C0DE352BE00026BB1 /* Dtk_Error.cxx */; };
		C9FB9C010DE352BE00026BB1 /* Dtk_Platform.cxx in Sources */ = {isa = PBXBuildFile; fileRef = C9FB9B620DE352BE00026BB1 /* Dtk_Platform.cxx */; };
		C9FB9C030DE352BE00026BB1 /* Dtk_Project.cxx in Sources */ = {isa = PBXBuildFile; fileRef = C9FB9B650DE352BE00026BB1 /* Dtk_Project.cxx */; };
		C9FB9C050DE352BE00026BB1 /* Dtk_Proto_Slot.cxx in Sources */ = {isa = PBXBuildFile; fileRef = C9FB9B680DE352BE00026BB1 /* Dtk_Proto_Slot.cxx */; };
		C9FB9C070DE352BE00026BB1 /* Dtk_Rect_Slot.cxx in Sources */ = {isa = PBXBuildFile; fileRef = C9FB9B6B0DE352BE00026BB1 /* Dtk_Rect_Slot.cxx */; };
		C9FB9C0B0DE352BE00026BB1 /* Dtk_Script_Slot.cxx in Sources */ = {isa = PBXBuildFile; fileRef = C9FB9B710DE352BE00026BB1 /* Dtk_Script_Slot.cxx */; };
		C9FB9C0D0DE352BE00026BB1 /* Dtk_Script_Writer.cxx in Sources */ = {isa = PBXBuildFile; fileRef = C9FB9B740DE352BE00026BB1 /* Dtk_Script_Writer.cxx */; };
		C9FB9C0F0DE352BE00026BB1 /* Dtk_Slot.cxx in Sources */ = {isa = PBXBuildFile; fileRef = C9FB9B770DE352BE00026BB1 /* Dtk_Slot.cxx */; };
		C9FB9C110DE352BE00026BB1 /* Dtk_Slot_List.cxx in Sources */ = {isa = PBXBuildFile; fileRef = C9FB9B7A0DE352BE00026BB1 /* Dtk_Slot_List.cxx */; };
		C9FB9C130DE352BE00026BB1 /* Dtk_Template.cxx in Sources */ = {isa = PBXBuildFile; fileRef = C9FB9B7D0DE352BE00026BB1 /* Dtk_Template.cxx */; };
		C9FB9C150DE352BE00026BB1 /* Dtk_Template_List.cxx in Sources */ = {isa = PBXBuildFile; fileRef = C9FB9B800DE352BE00026BB1 /* Dtk_Template_List.cxx */; };
		C9FB9C170DE352BE00026BB1 /* Dtk_Value_Slot.cxx in Sources */ = {isa = PBXBuildFile; fileRef = C9FB9B830DE352BE00026BB1 /* Dtk_Value_Slot.cxx */; };
		C9FB9C190DE352BE00026BB1 /* Fldtk_Inspector.cxx in Sources */ = {isa = PBXBuildFile; fileRef = C9FB9B870DE352BE00026BB1 /* Fldtk_Inspector.cxx */; };
		C9FB9C1C0DE352BE00026BB1 /* Fldtk_Prefs.cxx in Sources */ = {isa = PBXBuildFile; fileRef = C9FB9B8B0DE352BE00026BB1 /* Fldtk_Prefs.cxx */; };
		C9FB9C1F0DE352BE00026BB1 /* Fldtk_Proj_Settings.cxx in Sources */ = {isa = PBXBuildFile; fileRef = C9FB9B8F0DE352BE00026BB1 /* Fldtk_Proj_Settings.cxx */; };
		C9FB9C220DE352BE00026BB1 /* Fldtk_Snapshot.cxx in Sources */ = {isa = PBXBuildFile; fileRef = C9FB9B930DE352BE00026BB1 /* Fldtk_Snapshot.cxx */; };
		C9FB9C250DE352BE00026BB1 /* main_ui.cxx in Sources */ = {isa = PBXBuildFile; fileRef = C9FB9B970DE352BE00026BB1 /* main_ui.cxx */; };
		C9FB9C280DE352BE00026BB1 /* main.cxx in Sources */ = {isa = PBXBuildFile; fileRef = C9FB9B9B0DE352BE00026BB1 /* main.cxx */; };
		C9FB9C290DE352BE00026BB1 /* Flnt_Widget.cxx in Sources */ = {isa = PBXBuildFile; fileRef = C9FB9B9D0DE352BE00026BB1 /* Flnt_Widget.cxx */; };
		C9FB9C2B0DE352BE00026BB1 /* globals.cxx in Sources */ = {isa = PBXBuildFile; fileRef = C9FB9BA10DE352BE00026BB1 /* globals.cxx */; };
		C9FB9C2C0DE352BE00026BB1 /* Fldtk_Document_Browser.cxx in Sources */ = {isa = PBXBuildFile; fileRef = C9FB9BA40DE352BE00026BB1 /* Fldtk_Document_Browser.cxx */; };
		C9FB9C2E0DE352BE00026BB1 /* Fldtk_Document_Tabs.cxx in Sources */ = {isa = PBXBuildFile; fileRef = C9FB9BA70DE352BE00026BB1 /* Fldtk_Document_Tabs.cxx */; };
		C9FB9C300DE352BE00026BB1 /* Fldtk_Editor.cxx in Sources */ = {isa = PBXBuildFile; fileRef = C9FB9BAA0DE352BE00026BB1 /* Fldtk_Editor.cxx */; };
		C9FB9C320DE352BE00026BB1 /* Fldtk_Format_Slot_Editor.cxx in Sources */ = {isa = PBXBuildFile; fileRef = C9FB9BAD0DE352BE00026BB1 /* Fldtk_Format_Slot_Editor.cxx */; };
		C9FB9C350DE352BE00026BB1 /* Fldtk_Justify_Slot_Editor.cxx in Sources */ = {isa = PBXBuildFile; fileRef = C9FB9BB10DE352BE00026BB1 /* Fldtk_Justify_Slot_Editor.cxx */; };
		C9FB9C380DE352BE00026BB1 /* Fldtk_Layout_Editor.cxx in Sources */ = {isa = PBXBuildFile; fileRef = C9FB9BB50DE352BE00026BB1 /* Fldtk_Layout_Editor.cxx */; };
		C9FB9C3A0DE352BE00026BB1 /* Fldtk_Layout_View.cxx in Sources */ = {isa = PBXBuildFile; fileRef = C9FB9BB80DE352BE00026BB1 /* Fldtk_Layout_View.cxx */; };
		C9FB9C3C0DE352BE00026BB1 /* Fldtk_Proto_Slot_Editor.cxx in Sources */ = {isa = PBXBuildFile; fileRef = C9FB9BBB0DE352BE00026BB1 /* Fldtk_Proto_Slot_Editor.cxx */; };
		C9FB9C3E0DE352BE00026BB1 /* Fldtk_Rect_Slot_Editor.cxx in Sources */ = {isa = PBXBuildFile; fileRef = C9FB9BBE0DE352BE00026BB1 /* Fldtk_Rect_Slot_Editor.cxx */; };
		C9FB9C400DE352BE00026BB1 /* Fldtk_Script_Editor.cxx in Sources */ = {isa = PBXBuildFile; fileRef = C9FB9BC10DE352BE00026BB1 /* Fldtk_Script_Editor.cxx */; };
		C9FB9C420DE352BE00026BB1 /* Fldtk_Script_Slot_Editor.cxx in Sources */ = {isa = PBXBuildFile; fileRef = C9FB9BC40DE352BE00026BB1 /* Fldtk_Script_Slot_Editor.cxx */; };
		C9FB9C440DE352BE00026BB1 /* Fldtk_Slot_Browser.cxx in Sources */ = {isa = PBXBuildFile; fileRef = C9FB9BC70DE352BE00026BB1 /* Fldtk_Slot_Browser.cxx */; };
		C9FB9C460DE352BE00026BB1 /* Fldtk_Slot_Editor_Group.cxx in Sources */ = {isa = PBXBuildFile; fileRef = C9FB9BCA0DE352BE00026BB1 /* Fldtk_Slot_Editor_Group.cxx */; };
		C9FB9C480DE352BE00026BB1 /* Fldtk_Tmpl_Browser.cxx in Sources */ = {isa = PBXBuildFile; fileRef = C9FB9BCD0DE352BE00026BB1 /* Fldtk_Tmpl_Browser.cxx */; };
		C9FB9C4A0DE352BE00026BB1 /* Fldtk_Value_Slot_Editor.cxx in Sources */ = {isa = PBXBuildFile; fileRef = C9FB9BD00DE352BE00026BB1 /* Fldtk_Value_Slot_Editor.cxx */; };
		C9FB9C4D0DE352BE00026BB1 /* Flio_Inspector.cxx in Sources */ = {isa = PBXBuildFile; fileRef = C9FB9BD40DE352BE00026BB1 /* Flio_Inspector.cxx */; };
		C9FB9C4F0DE352BE00026BB1 /* Flio_MNP4_Protocol.cxx in Sources */ = {isa = PBXBuildFile; fileRef = C9FB9BD70DE352BE00026BB1 /* Flio_MNP4_Protocol.cxx */; };
		C9FB9C510DE352BE00026BB1 /* Flio_Pipe.cxx in Sources */ = {isa = PBXBuildFile; fileRef = C9FB9BDA0DE352BE00026BB1 /* Flio_Pipe.cxx */; };
		C9FB9C530DE352BE00026BB1 /* Flio_Serial_Port.cxx in Sources */ = {isa = PBXBuildFile; fileRef = C9FB9BDD0DE352BE00026BB1 /* Flio_Serial_Port.cxx */; };
		C9FB9C550DE352BE00026BB1 /* Flio_Stream.cxx in Sources */ = {isa = PBXBuildFile; fileRef = C9FB9BE00DE352BE00026BB1 /* Flio_Stream.cxx */; };
		C9FB9C570DE352BE00026BB1 /* Flmm_Console.cxx in Sources */ = {isa = PBXBuildFile; fileRef = C9FB9BE30DE352BE00026BB1 /* Flmm_Console.cxx */; };
		C9FB9C590DE352BE00026BB1 /* Flmm_Message.cxx in Sources */ = {isa = PBXBuildFile; fileRef = C9FB9BE60DE352BE00026BB1 /* Flmm_Message.cxx */; };
		C9FB9C5B0DE352BE00026BB1 /* Flmm_Newt_Script_Editor.cxx in Sources */ = {isa = PBXBuildFile; fileRef = C9FB9BE90DE352BE00026BB1 /* Flmm_Newt_Script_Editor.cxx */; };
		C9FB9C5D0DE352BE00026BB1 /* Flmm_Set_Check_Button.cxx in Sources */ = {isa = PBXBuildFile; fileRef = C9FB9BEC0DE352BE00026BB1 /* Flmm_Set_Check_Button.cxx */; };
		C9FB9C5F0DE352BE00026BB1 /* Flmm_Set_Input.cxx in Sources */ = {isa = PBXBuildFile; fileRef = C9FB9BEF0DE352BE00026BB1 /* Flmm_Set_Input.cxx */; };
		C9FB9C610DE352BE00026BB1 /* Flmm_Signal.cxx in Sources */ = {isa = PBXBuildFile; fileRef = C9FB9BF20DE352BE00026BB1 /* Flmm_Signal.cxx */; };
		C9FB9C630DE352BE00026BB1 /* Flmp_Image.cxx in Sources */ = {isa = PBXBuildFile; fileRef = C9FB9BF50DE352BE00026BB1 /* Flmp_Image.cxx */; };
		C9FBA0450DE3754400026BB1 /* Newton21.ptf in CopyFiles */ = {isa = PBXBuildFile; fileRef = C9FBA0430DE3753800026BB1 /* Newton21.ptf */; };
		C9FBA0460DE3754400026BB1 /* Newton21.txt in CopyFiles */ = {isa = PBXBuildFile; fileRef = C9FBA0440DE3753800026BB1 /* Newton21.txt */; };
		C9FF05EE0BC6267E008673DF /* toolbox_closed.xpm in Resources */ = {isa = PBXBuildFile; fileRef = C9FF05BC0BC6267E008673DF /* toolbox_closed.xpm */; };
		C9FF05EF0BC6267E008673DF /* toolbox_inactive.xpm in Resources */ = {isa = PBXBuildFile; fileRef = C9FF05BD0BC6267E008673DF /* toolbox_inactive.xpm */; };
		C9FF05F00BC6267E008673DF /* toolbox_open.xpm in Resources */ = {isa = PBXBuildFile; fileRef = C9FF05BE0BC6267E008673DF /* toolbox_open.xpm */; };
/* End PBXBuildFile section */

/* Begin PBXCopyFilesBuildPhase section */
		C98949760DE9D58E0026565F /* CopyFiles */ = {
			isa = PBXCopyFilesBuildPhase;
			buildActionMask = 2147483647;
			dstPath = "";
			dstSubfolderSpec = 7;
			files = (
				C98949720DE9D58B0026565F /* toolbox_002.icns in CopyFiles */,
			);
			runOnlyForDeploymentPostprocessing = 0;
		};
		C9FBA0420DE3750600026BB1 /* CopyFiles */ = {
			isa = PBXCopyFilesBuildPhase;
			buildActionMask = 2147483647;
			dstPath = "";
			dstSubfolderSpec = 7;
			files = (
				C9FBA0450DE3754400026BB1 /* Newton21.ptf in CopyFiles */,
				C9FBA0460DE3754400026BB1 /* Newton21.txt in CopyFiles */,
			);
			runOnlyForDeploymentPostprocessing = 0;
		};
/* End PBXCopyFilesBuildPhase section */

/* Begin PBXFileReference section */
		0867D6ABFE840B52C02AAC07 /* English */ = {isa = PBXFileReference; fileEncoding = 10; lastKnownFileType = text.plist.strings; name = English; path = English.lproj/InfoPlist.strings; sourceTree = "<group>"; };
		20286C33FDCF999611CA2CEA /* Carbon.framework */ = {isa = PBXFileReference; lastKnownFileType = wrapper.framework; name = Carbon.framework; path = /System/Library/Frameworks/Carbon.framework; sourceTree = "<absolute>"; };
		32DBCF6D0370B57F00C91783 /* FltkTpl_Prefix.pch */ = {isa = PBXFileReference; fileEncoding = 4; lastKnownFileType = sourcecode.c.h; path = FltkTpl_Prefix.pch; sourceTree = "<group>"; };
		4A9504C8FFE6A3BC11CA0CBA /* ApplicationServices.framework */ = {isa = PBXFileReference; lastKnownFileType = wrapper.framework; name = ApplicationServices.framework; path = /System/Library/Frameworks/ApplicationServices.framework; sourceTree = "<absolute>"; };
		4A9504CAFFE6A41611CA0CBA /* CoreServices.framework */ = {isa = PBXFileReference; lastKnownFileType = wrapper.framework; name = CoreServices.framework; path = /System/Library/Frameworks/CoreServices.framework; sourceTree = "<absolute>"; };
		8D0C4E960486CD37000505A6 /* Info.plist */ = {isa = PBXFileReference; fileEncoding = 4; lastKnownFileType = text.plist; path = Info.plist; sourceTree = "<group>"; };
		8D0C4E970486CD37000505A6 /* DyneTK.app */ = {isa = PBXFileReference; explicitFileType = wrapper.application; includeInIndex = 0; path = DyneTK.app; sourceTree = BUILT_PRODUCTS_DIR; };
		C98949690DE9D48F0026565F /* toolbox_002.icns */ = {isa = PBXFileReference; lastKnownFileType = image.icns; path = toolbox_002.icns; sourceTree = SOURCE_ROOT; };
		C98949790DE9E4CA0026565F /* Dtk_Layout.cxx */ = {isa = PBXFileReference; fileEncoding = 4; lastKnownFileType = sourcecode.cpp.cpp; path = Dtk_Layout.cxx; sourceTree = "<group>"; };
		C989497A0DE9E4CA0026565F /* Dtk_Layout.h */ = {isa = PBXFileReference; fileEncoding = 4; lastKnownFileType = sourcecode.c.h; path = Dtk_Layout.h; sourceTree = "<group>"; };
		C989497B0DE9E4CA0026565F /* Dtk_Script.cxx */ = {isa = PBXFileReference; fileEncoding = 4; lastKnownFileType = sourcecode.cpp.cpp; path = Dtk_Script.cxx; sourceTree = "<group>"; };
		C989497C0DE9E4CA0026565F /* Dtk_Script.h */ = {isa = PBXFileReference; fileEncoding = 4; lastKnownFileType = sourcecode.c.h; path = Dtk_Script.h; sourceTree = "<group>"; };
		C9FB9B540DE352BD00026BB1 /* sandbox.cxx */ = {isa = PBXFileReference; fileEncoding = 4; lastKnownFileType = sourcecode.cpp.cpp; name = sandbox.cxx; path = ../sandbox.cxx; sourceTree = SOURCE_ROOT; };
		C9FB9B560DE352BD00026BB1 /* Dtk_Document.cxx */ = {isa = PBXFileReference; fileEncoding = 4; lastKnownFileType = sourcecode.cpp.cpp; path = Dtk_Document.cxx; sourceTree = "<group>"; };
		C9FB9B570DE352BD00026BB1 /* Dtk_Document.h */ = {isa = PBXFileReference; fileEncoding = 4; lastKnownFileType = sourcecode.c.h; path = Dtk_Document.h; sourceTree = "<group>"; };
		C9FB9B590DE352BE00026BB1 /* Dtk_Document_List.cxx */ = {isa = PBXFileReference; fileEncoding = 4; lastKnownFileType = sourcecode.cpp.cpp; path = Dtk_Document_List.cxx; sourceTree = "<group>"; };
		C9FB9B5A0DE352BE00026BB1 /* Dtk_Document_List.h */ = {isa = PBXFileReference; fileEncoding = 4; lastKnownFileType = sourcecode.c.h; path = Dtk_Document_List.h; sourceTree = "<group>"; };
		C9FB9B5C0DE352BE00026BB1 /* Dtk_Error.cxx */ = {isa = PBXFileReference; fileEncoding = 4; lastKnownFileType = sourcecode.cpp.cpp; path = Dtk_Error.cxx; sourceTree = "<group>"; };
		C9FB9B5D0DE352BE00026BB1 /* Dtk_Error.h */ = {isa = PBXFileReference; fileEncoding = 4; lastKnownFileType = sourcecode.c.h; path = Dtk_Error.h; sourceTree = "<group>"; };
		C9FB9B620DE352BE00026BB1 /* Dtk_Platform.cxx */ = {isa = PBXFileReference; fileEncoding = 4; lastKnownFileType = sourcecode.cpp.cpp; path = Dtk_Platform.cxx; sourceTree = "<group>"; };
		C9FB9B630DE352BE00026BB1 /* Dtk_Platform.h */ = {isa = PBXFileReference; fileEncoding = 4; lastKnownFileType = sourcecode.c.h; path = Dtk_Platform.h; sourceTree = "<group>"; };
		C9FB9B650DE352BE00026BB1 /* Dtk_Project.cxx */ = {isa = PBXFileReference; fileEncoding = 4; lastKnownFileType = sourcecode.cpp.cpp; path = Dtk_Project.cxx; sourceTree = "<group>"; };
		C9FB9B660DE352BE00026BB1 /* Dtk_Project.h */ = {isa = PBXFileReference; fileEncoding = 4; lastKnownFileType = sourcecode.c.h; path = Dtk_Project.h; sourceTree = "<group>"; };
		C9FB9B680DE352BE00026BB1 /* Dtk_Proto_Slot.cxx */ = {isa = PBXFileReference; fileEncoding = 4; lastKnownFileType = sourcecode.cpp.cpp; path = Dtk_Proto_Slot.cxx; sourceTree = "<group>"; };
		C9FB9B690DE352BE00026BB1 /* Dtk_Proto_Slot.h */ = {isa = PBXFileReference; fileEncoding = 4; lastKnownFileType = sourcecode.c.h; path = Dtk_Proto_Slot.h; sourceTree = "<group>"; };
		C9FB9B6B0DE352BE00026BB1 /* Dtk_Rect_Slot.cxx */ = {isa = PBXFileReference; fileEncoding = 4; lastKnownFileType = sourcecode.cpp.cpp; path = Dtk_Rect_Slot.cxx; sourceTree = "<group>"; };
		C9FB9B6C0DE352BE00026BB1 /* Dtk_Rect_Slot.h */ = {isa = PBXFileReference; fileEncoding = 4; lastKnownFileType = sourcecode.c.h; path = Dtk_Rect_Slot.h; sourceTree = "<group>"; };
		C9FB9B710DE352BE00026BB1 /* Dtk_Script_Slot.cxx */ = {isa = PBXFileReference; fileEncoding = 4; lastKnownFileType = sourcecode.cpp.cpp; path = Dtk_Script_Slot.cxx; sourceTree = "<group>"; };
		C9FB9B720DE352BE00026BB1 /* Dtk_Script_Slot.h */ = {isa = PBXFileReference; fileEncoding = 4; lastKnownFileType = sourcecode.c.h; path = Dtk_Script_Slot.h; sourceTree = "<group>"; };
		C9FB9B740DE352BE00026BB1 /* Dtk_Script_Writer.cxx */ = {isa = PBXFileReference; fileEncoding = 4; lastKnownFileType = sourcecode.cpp.cpp; path = Dtk_Script_Writer.cxx; sourceTree = "<group>"; };
		C9FB9B750DE352BE00026BB1 /* Dtk_Script_Writer.h */ = {isa = PBXFileReference; fileEncoding = 4; lastKnownFileType = sourcecode.c.h; path = Dtk_Script_Writer.h; sourceTree = "<group>"; };
		C9FB9B770DE352BE00026BB1 /* Dtk_Slot.cxx */ = {isa = PBXFileReference; fileEncoding = 4; lastKnownFileType = sourcecode.cpp.cpp; path = Dtk_Slot.cxx; sourceTree = "<group>"; };
		C9FB9B780DE352BE00026BB1 /* Dtk_Slot.h */ = {isa = PBXFileReference; fileEncoding = 4; lastKnownFileType = sourcecode.c.h; path = Dtk_Slot.h; sourceTree = "<group>"; };
		C9FB9B7A0DE352BE00026BB1 /* Dtk_Slot_List.cxx */ = {isa = PBXFileReference; fileEncoding = 4; lastKnownFileType = sourcecode.cpp.cpp; path = Dtk_Slot_List.cxx; sourceTree = "<group>"; };
		C9FB9B7B0DE352BE00026BB1 /* Dtk_Slot_List.h */ = {isa = PBXFileReference; fileEncoding = 4; lastKnownFileType = sourcecode.c.h; path = Dtk_Slot_List.h; sourceTree = "<group>"; };
		C9FB9B7D0DE352BE00026BB1 /* Dtk_Template.cxx */ = {isa = PBXFileReference; fileEncoding = 4; lastKnownFileType = sourcecode.cpp.cpp; path = Dtk_Template.cxx; sourceTree = "<group>"; };
		C9FB9B7E0DE352BE00026BB1 /* Dtk_Template.h */ = {isa = PBXFileReference; fileEncoding = 4; lastKnownFileType = sourcecode.c.h; path = Dtk_Template.h; sourceTree = "<group>"; };
		C9FB9B800DE352BE00026BB1 /* Dtk_Template_List.cxx */ = {isa = PBXFileReference; fileEncoding = 4; lastKnownFileType = sourcecode.cpp.cpp; path = Dtk_Template_List.cxx; sourceTree = "<group>"; };
		C9FB9B810DE352BE00026BB1 /* Dtk_Template_List.h */ = {isa = PBXFileReference; fileEncoding = 4; lastKnownFileType = sourcecode.c.h; path = Dtk_Template_List.h; sourceTree = "<group>"; };
		C9FB9B830DE352BE00026BB1 /* Dtk_Value_Slot.cxx */ = {isa = PBXFileReference; fileEncoding = 4; lastKnownFileType = sourcecode.cpp.cpp; path = Dtk_Value_Slot.cxx; sourceTree = "<group>"; };
		C9FB9B840DE352BE00026BB1 /* Dtk_Value_Slot.h */ = {isa = PBXFileReference; fileEncoding = 4; lastKnownFileType = sourcecode.c.h; path = Dtk_Value_Slot.h; sourceTree = "<group>"; };
		C9FB9B870DE352BE00026BB1 /* Fldtk_Inspector.cxx */ = {isa = PBXFileReference; fileEncoding = 4; lastKnownFileType = sourcecode.cpp.cpp; path = Fldtk_Inspector.cxx; sourceTree = "<group>"; };
		C9FB9B890DE352BE00026BB1 /* Fldtk_Inspector.h */ = {isa = PBXFileReference; fileEncoding = 4; lastKnownFileType = sourcecode.c.h; path = Fldtk_Inspector.h; sourceTree = "<group>"; };
		C9FB9B8B0DE352BE00026BB1 /* Fldtk_Prefs.cxx */ = {isa = PBXFileReference; fileEncoding = 4; lastKnownFileType = sourcecode.cpp.cpp; path = Fldtk_Prefs.cxx; sourceTree = "<group>"; };
		C9FB9B8D0DE352BE00026BB1 /* Fldtk_Prefs.h */ = {isa = PBXFileReference; fileEncoding = 4; lastKnownFileType = sourcecode.c.h; path = Fldtk_Prefs.h; sourceTree = "<group>"; };
		C9FB9B8F0DE352BE00026BB1 /* Fldtk_Proj_Settings.cxx */ = {isa = PBXFileReference; fileEncoding = 4; lastKnownFileType = sourcecode.cpp.cpp; path = Fldtk_Proj_Settings.cxx; sourceTree = "<group>"; };
		C9FB9B910DE352BE00026BB1 /* Fldtk_Proj_Settings.h */ = {isa = PBXFileReference; fileEncoding = 4; lastKnownFileType = sourcecode.c.h; path = Fldtk_Proj_Settings.h; sourceTree = "<group>"; };
		C9FB9B930DE352BE00026BB1 /* Fldtk_Snapshot.cxx */ = {isa = PBXFileReference; fileEncoding = 4; lastKnownFileType = sourcecode.cpp.cpp; path = Fldtk_Snapshot.cxx; sourceTree = "<group>"; };
		C9FB9B950DE352BE00026BB1 /* Fldtk_Snapshot.h */ = {isa = PBXFileReference; fileEncoding = 4; lastKnownFileType = sourcecode.c.h; path = Fldtk_Snapshot.h; sourceTree = "<group>"; };
		C9FB9B970DE352BE00026BB1 /* main_ui.cxx */ = {isa = PBXFileReference; fileEncoding = 4; lastKnownFileType = sourcecode.cpp.cpp; path = main_ui.cxx; sourceTree = "<group>"; };
		C9FB9B990DE352BE00026BB1 /* main_ui.h */ = {isa = PBXFileReference; fileEncoding = 4; lastKnownFileType = sourcecode.c.h; path = main_ui.h; sourceTree = "<group>"; };
		C9FB9B9B0DE352BE00026BB1 /* main.cxx */ = {isa = PBXFileReference; fileEncoding = 4; lastKnownFileType = sourcecode.cpp.cpp; name = main.cxx; path = ../main.cxx; sourceTree = SOURCE_ROOT; };
		C9FB9B9D0DE352BE00026BB1 /* Flnt_Widget.cxx */ = {isa = PBXFileReference; fileEncoding = 4; lastKnownFileType = sourcecode.cpp.cpp; path = Flnt_Widget.cxx; sourceTree = "<group>"; };
		C9FB9B9E0DE352BE00026BB1 /* Flnt_Widget.h */ = {isa = PBXFileReference; fileEncoding = 4; lastKnownFileType = sourcecode.c.h; path = Flnt_Widget.h; sourceTree = "<group>"; };
		C9FB9BA10DE352BE00026BB1 /* globals.cxx */ = {isa = PBXFileReference; fileEncoding = 4; lastKnownFileType = sourcecode.cpp.cpp; name = globals.cxx; path = ../globals.cxx; sourceTree = SOURCE_ROOT; };
		C9FB9BA40DE352BE00026BB1 /* Fldtk_Document_Browser.cxx */ = {isa = PBXFileReference; fileEncoding = 4; lastKnownFileType = sourcecode.cpp.cpp; path = Fldtk_Document_Browser.cxx; sourceTree = "<group>"; };
		C9FB9BA50DE352BE00026BB1 /* Fldtk_Document_Browser.h */ = {isa = PBXFileReference; fileEncoding = 4; lastKnownFileType = sourcecode.c.h; path = Fldtk_Document_Browser.h; sourceTree = "<group>"; };
		C9FB9BA70DE352BE00026BB1 /* Fldtk_Document_Tabs.cxx */ = {isa = PBXFileReference; fileEncoding = 4; lastKnownFileType = sourcecode.cpp.cpp; path = Fldtk_Document_Tabs.cxx; sourceTree = "<group>"; };
		C9FB9BA80DE352BE00026BB1 /* Fldtk_Document_Tabs.h */ = {isa = PBXFileReference; fileEncoding = 4; lastKnownFileType = sourcecode.c.h; path = Fldtk_Document_Tabs.h; sourceTree = "<group>"; };
		C9FB9BAA0DE352BE00026BB1 /* Fldtk_Editor.cxx */ = {isa = PBXFileReference; fileEncoding = 4; lastKnownFileType = sourcecode.cpp.cpp; path = Fldtk_Editor.cxx; sourceTree = "<group>"; };
		C9FB9BAB0DE352BE00026BB1 /* Fldtk_Editor.h */ = {isa = PBXFileReference; fileEncoding = 4; lastKnownFileType = sourcecode.c.h; path = Fldtk_Editor.h; sourceTree = "<group>"; };
		C9FB9BAD0DE352BE00026BB1 /* Fldtk_Format_Slot_Editor.cxx */ = {isa = PBXFileReference; fileEncoding = 4; lastKnownFileType = sourcecode.cpp.cpp; path = Fldtk_Format_Slot_Editor.cxx; sourceTree = "<group>"; };
		C9FB9BAF0DE352BE00026BB1 /* Fldtk_Format_Slot_Editor.h */ = {isa = PBXFileReference; fileEncoding = 4; lastKnownFileType = sourcecode.c.h; path = Fldtk_Format_Slot_Editor.h; sourceTree = "<group>"; };
		C9FB9BB10DE352BE00026BB1 /* Fldtk_Justify_Slot_Editor.cxx */ = {isa = PBXFileReference; fileEncoding = 4; lastKnownFileType = sourcecode.cpp.cpp; path = Fldtk_Justify_Slot_Editor.cxx; sourceTree = "<group>"; };
		C9FB9BB30DE352BE00026BB1 /* Fldtk_Justify_Slot_Editor.h */ = {isa = PBXFileReference; fileEncoding = 4; lastKnownFileType = sourcecode.c.h; path = Fldtk_Justify_Slot_Editor.h; sourceTree = "<group>"; };
		C9FB9BB50DE352BE00026BB1 /* Fldtk_Layout_Editor.cxx */ = {isa = PBXFileReference; fileEncoding = 4; lastKnownFileType = sourcecode.cpp.cpp; path = Fldtk_Layout_Editor.cxx; sourceTree = "<group>"; };
		C9FB9BB60DE352BE00026BB1 /* Fldtk_Layout_Editor.h */ = {isa = PBXFileReference; fileEncoding = 4; lastKnownFileType = sourcecode.c.h; path = Fldtk_Layout_Editor.h; sourceTree = "<group>"; };
		C9FB9BB80DE352BE00026BB1 /* Fldtk_Layout_View.cxx */ = {isa = PBXFileReference; fileEncoding = 4; lastKnownFileType = sourcecode.cpp.cpp; path = Fldtk_Layout_View.cxx; sourceTree = "<group>"; };
		C9FB9BB90DE352BE00026BB1 /* Fldtk_Layout_View.h */ = {isa = PBXFileReference; fileEncoding = 4; lastKnownFileType = sourcecode.c.h; path = Fldtk_Layout_View.h; sourceTree = "<group>"; };
		C9FB9BBB0DE352BE00026BB1 /* Fldtk_Proto_Slot_Editor.cxx */ = {isa = PBXFileReference; fileEncoding = 4; lastKnownFileType = sourcecode.cpp.cpp; path = Fldtk_Proto_Slot_Editor.cxx; sourceTree = "<group>"; };
		C9FB9BBC0DE352BE00026BB1 /* Fldtk_Proto_Slot_Editor.h */ = {isa = PBXFileReference; fileEncoding = 4; lastKnownFileType = sourcecode.c.h; path = Fldtk_Proto_Slot_Editor.h; sourceTree = "<group>"; };
		C9FB9BBE0DE352BE00026BB1 /* Fldtk_Rect_Slot_Editor.cxx */ = {isa = PBXFileReference; fileEncoding = 4; lastKnownFileType = sourcecode.cpp.cpp; path = Fldtk_Rect_Slot_Editor.cxx; sourceTree = "<group>"; };
		C9FB9BBF0DE352BE00026BB1 /* Fldtk_Rect_Slot_Editor.h */ = {isa = PBXFileReference; fileEncoding = 4; lastKnownFileType = sourcecode.c.h; path = Fldtk_Rect_Slot_Editor.h; sourceTree = "<group>"; };
		C9FB9BC10DE352BE00026BB1 /* Fldtk_Script_Editor.cxx */ = {isa = PBXFileReference; fileEncoding = 4; lastKnownFileType = sourcecode.cpp.cpp; path = Fldtk_Script_Editor.cxx; sourceTree = "<group>"; };
		C9FB9BC20DE352BE00026BB1 /* Fldtk_Script_Editor.h */ = {isa = PBXFileReference; fileEncoding = 4; lastKnownFileType = sourcecode.c.h; path = Fldtk_Script_Editor.h; sourceTree = "<group>"; };
		C9FB9BC40DE352BE00026BB1 /* Fldtk_Script_Slot_Editor.cxx */ = {isa = PBXFileReference; fileEncoding = 4; lastKnownFileType = sourcecode.cpp.cpp; path = Fldtk_Script_Slot_Editor.cxx; sourceTree = "<group>"; };
		C9FB9BC50DE352BE00026BB1 /* Fldtk_Script_Slot_Editor.h */ = {isa = PBXFileReference; fileEncoding = 4; lastKnownFileType = sourcecode.c.h; path = Fldtk_Script_Slot_Editor.h; sourceTree = "<group>"; };
		C9FB9BC70DE352BE00026BB1 /* Fldtk_Slot_Browser.cxx */ = {isa = PBXFileReference; fileEncoding = 4; lastKnownFileType = sourcecode.cpp.cpp; path = Fldtk_Slot_Browser.cxx; sourceTree = "<group>"; };
		C9FB9BC80DE352BE00026BB1 /* Fldtk_Slot_Browser.h */ = {isa = PBXFileReference; fileEncoding = 4; lastKnownFileType = sourcecode.c.h; path = Fldtk_Slot_Browser.h; sourceTree = "<group>"; };
		C9FB9BCA0DE352BE00026BB1 /* Fldtk_Slot_Editor_Group.cxx */ = {isa = PBXFileReference; fileEncoding = 4; lastKnownFileType = sourcecode.cpp.cpp; path = Fldtk_Slot_Editor_Group.cxx; sourceTree = "<group>"; };
		C9FB9BCB0DE352BE00026BB1 /* Fldtk_Slot_Editor_Group.h */ = {isa = PBXFileReference; fileEncoding = 4; lastKnownFileType = sourcecode.c.h; path = Fldtk_Slot_Editor_Group.h; sourceTree = "<group>"; };
		C9FB9BCD0DE352BE00026BB1 /* Fldtk_Tmpl_Browser.cxx */ = {isa = PBXFileReference; fileEncoding = 4; lastKnownFileType = sourcecode.cpp.cpp; path = Fldtk_Tmpl_Browser.cxx; sourceTree = "<group>"; };
		C9FB9BCE0DE352BE00026BB1 /* Fldtk_Tmpl_Browser.h */ = {isa = PBXFileReference; fileEncoding = 4; lastKnownFileType = sourcecode.c.h; path = Fldtk_Tmpl_Browser.h; sourceTree = "<group>"; };
		C9FB9BD00DE352BE00026BB1 /* Fldtk_Value_Slot_Editor.cxx */ = {isa = PBXFileReference; fileEncoding = 4; lastKnownFileType = sourcecode.cpp.cpp; path = Fldtk_Value_Slot_Editor.cxx; sourceTree = "<group>"; };
		C9FB9BD10DE352BE00026BB1 /* Fldtk_Value_Slot_Editor.h */ = {isa = PBXFileReference; fileEncoding = 4; lastKnownFileType = sourcecode.c.h; path = Fldtk_Value_Slot_Editor.h; sourceTree = "<group>"; };
		C9FB9BD40DE352BE00026BB1 /* Flio_Inspector.cxx */ = {isa = PBXFileReference; fileEncoding = 4; lastKnownFileType = sourcecode.cpp.cpp; path = Flio_Inspector.cxx; sourceTree = "<group>"; };
		C9FB9BD50DE352BE00026BB1 /* Flio_Inspector.h */ = {isa = PBXFileReference; fileEncoding = 4; lastKnownFileType = sourcecode.c.h; path = Flio_Inspector.h; sourceTree = "<group>"; };
		C9FB9BD70DE352BE00026BB1 /* Flio_MNP4_Protocol.cxx */ = {isa = PBXFileReference; fileEncoding = 4; lastKnownFileType = sourcecode.cpp.cpp; path = Flio_MNP4_Protocol.cxx; sourceTree = "<group>"; };
		C9FB9BD80DE352BE00026BB1 /* Flio_MNP4_Protocol.h */ = {isa = PBXFileReference; fileEncoding = 4; lastKnownFileType = sourcecode.c.h; path = Flio_MNP4_Protocol.h; sourceTree = "<group>"; };
		C9FB9BDA0DE352BE00026BB1 /* Flio_Pipe.cxx */ = {isa = PBXFileReference; fileEncoding = 4; lastKnownFileType = sourcecode.cpp.cpp; path = Flio_Pipe.cxx; sourceTree = "<group>"; };
		C9FB9BDB0DE352BE00026BB1 /* Flio_Pipe.h */ = {isa = PBXFileReference; fileEncoding = 4; lastKnownFileType = sourcecode.c.h; path = Flio_Pipe.h; sourceTree = "<group>"; };
		C9FB9BDD0DE352BE00026BB1 /* Flio_Serial_Port.cxx */ = {isa = PBXFileReference; fileEncoding = 4; lastKnownFileType = sourcecode.cpp.cpp; path = Flio_Serial_Port.cxx; sourceTree = "<group>"; };
		C9FB9BDE0DE352BE00026BB1 /* Flio_Serial_Port.h */ = {isa = PBXFileReference; fileEncoding = 4; lastKnownFileType = sourcecode.c.h; path = Flio_Serial_Port.h; sourceTree = "<group>"; };
		C9FB9BE00DE352BE00026BB1 /* Flio_Stream.cxx */ = {isa = PBXFileReference; fileEncoding = 4; lastKnownFileType = sourcecode.cpp.cpp; path = Flio_Stream.cxx; sourceTree = "<group>"; };
		C9FB9BE10DE352BE00026BB1 /* Flio_Stream.h */ = {isa = PBXFileReference; fileEncoding = 4; lastKnownFileType = sourcecode.c.h; path = Flio_Stream.h; sourceTree = "<group>"; };
		C9FB9BE30DE352BE00026BB1 /* Flmm_Console.cxx */ = {isa = PBXFileReference; fileEncoding = 4; lastKnownFileType = sourcecode.cpp.cpp; path = Flmm_Console.cxx; sourceTree = "<group>"; };
		C9FB9BE40DE352BE00026BB1 /* Flmm_Console.h */ = {isa = PBXFileReference; fileEncoding = 4; lastKnownFileType = sourcecode.c.h; path = Flmm_Console.h; sourceTree = "<group>"; };
		C9FB9BE60DE352BE00026BB1 /* Flmm_Message.cxx */ = {isa = PBXFileReference; fileEncoding = 4; lastKnownFileType = sourcecode.cpp.cpp; path = Flmm_Message.cxx; sourceTree = "<group>"; };
		C9FB9BE70DE352BE00026BB1 /* Flmm_Message.H */ = {isa = PBXFileReference; fileEncoding = 4; lastKnownFileType = sourcecode.cpp.h; path = Flmm_Message.H; sourceTree = "<group>"; };
		C9FB9BE90DE352BE00026BB1 /* Flmm_Newt_Script_Editor.cxx */ = {isa = PBXFileReference; fileEncoding = 4; lastKnownFileType = sourcecode.cpp.cpp; path = Flmm_Newt_Script_Editor.cxx; sourceTree = "<group>"; };
		C9FB9BEA0DE352BE00026BB1 /* Flmm_Newt_Script_Editor.h */ = {isa = PBXFileReference; fileEncoding = 4; lastKnownFileType = sourcecode.c.h; path = Flmm_Newt_Script_Editor.h; sourceTree = "<group>"; };
		C9FB9BEC0DE352BE00026BB1 /* Flmm_Set_Check_Button.cxx */ = {isa = PBXFileReference; fileEncoding = 4; lastKnownFileType = sourcecode.cpp.cpp; path = Flmm_Set_Check_Button.cxx; sourceTree = "<group>"; };
		C9FB9BED0DE352BE00026BB1 /* Flmm_Set_Check_Button.h */ = {isa = PBXFileReference; fileEncoding = 4; lastKnownFileType = sourcecode.c.h; path = Flmm_Set_Check_Button.h; sourceTree = "<group>"; };
		C9FB9BEF0DE352BE00026BB1 /* Flmm_Set_Input.cxx */ = {isa = PBXFileReference; fileEncoding = 4; lastKnownFileType = sourcecode.cpp.cpp; path = Flmm_Set_Input.cxx; sourceTree = "<group>"; };
		C9FB9BF00DE352BE00026BB1 /* Flmm_Set_Input.h */ = {isa = PBXFileReference; fileEncoding = 4; lastKnownFileType = sourcecode.c.h; path = Flmm_Set_Input.h; sourceTree = "<group>"; };
		C9FB9BF20DE352BE00026BB1 /* Flmm_Signal.cxx */ = {isa = PBXFileReference; fileEncoding = 4; lastKnownFileType = sourcecode.cpp.cpp; path = Flmm_Signal.cxx; sourceTree = "<group>"; };
		C9FB9BF30DE352BE00026BB1 /* Flmm_Signal.h */ = {isa = PBXFileReference; fileEncoding = 4; lastKnownFileType = sourcecode.c.h; path = Flmm_Signal.h; sourceTree = "<group>"; };
		C9FB9BF50DE352BE00026BB1 /* Flmp_Image.cxx */ = {isa = PBXFileReference; fileEncoding = 4; lastKnownFileType = sourcecode.cpp.cpp; path = Flmp_Image.cxx; sourceTree = "<group>"; };
		C9FB9BF60DE352BE00026BB1 /* Flmp_Image.H */ = {isa = PBXFileReference; fileEncoding = 4; lastKnownFileType = sourcecode.cpp.h; path = Flmp_Image.H; sourceTree = "<group>"; };
		C9FBA0430DE3753800026BB1 /* Newton21.ptf */ = {isa = PBXFileReference; lastKnownFileType = file; name = Newton21.ptf; path = ../test/platfrms/Newton21.ptf; sourceTree = SOURCE_ROOT; };
		C9FBA0440DE3753800026BB1 /* Newton21.txt */ = {isa = PBXFileReference; fileEncoding = 4; lastKnownFileType = text; name = Newton21.txt; path = ../test/platfrms/Newton21.txt; sourceTree = SOURCE_ROOT; };
		C9FBA09C0DE4BEFD00026BB1 /* allNewt.h */ = {isa = PBXFileReference; fileEncoding = 4; lastKnownFileType = sourcecode.c.h; name = allNewt.h; path = ../allNewt.h; sourceTree = SOURCE_ROOT; };
		C9FBA09D0DE4BEFD00026BB1 /* main.h */ = {isa = PBXFileReference; fileEncoding = 4; lastKnownFileType = sourcecode.c.h; name = main.h; path = ../main.h; sourceTree = SOURCE_ROOT; };
		C9FBA09E0DE4BEFD00026BB1 /* globals.h */ = {isa = PBXFileReference; fileEncoding = 4; lastKnownFileType = sourcecode.c.h; name = globals.h; path = ../globals.h; sourceTree = SOURCE_ROOT; };
		C9FBA09F0DE4BEFD00026BB1 /* sandbox.h */ = {isa = PBXFileReference; fileEncoding = 4; lastKnownFileType = sourcecode.c.h; name = sandbox.h; path = ../sandbox.h; sourceTree = SOURCE_ROOT; };
		C9FBA0A50DE4C01900026BB1 /* BUILDING */ = {isa = PBXFileReference; fileEncoding = 4; lastKnownFileType = text; name = BUILDING; path = ../BUILDING; sourceTree = SOURCE_ROOT; };
		C9FF05BC0BC6267E008673DF /* toolbox_closed.xpm */ = {isa = PBXFileReference; fileEncoding = 4; lastKnownFileType = text; path = toolbox_closed.xpm; sourceTree = "<group>"; };
		C9FF05BD0BC6267E008673DF /* toolbox_inactive.xpm */ = {isa = PBXFileReference; fileEncoding = 4; lastKnownFileType = text; path = toolbox_inactive.xpm; sourceTree = "<group>"; };
		C9FF05BE0BC6267E008673DF /* toolbox_open.xpm */ = {isa = PBXFileReference; fileEncoding = 4; lastKnownFileType = text; path = toolbox_open.xpm; sourceTree = "<group>"; };
/* End PBXFileReference section */

/* Begin PBXFrameworksBuildPhase section */
		8D0C4E910486CD37000505A6 /* Frameworks */ = {
			isa = PBXFrameworksBuildPhase;
			buildActionMask = 2147483647;
			files = (
				8D0C4E920486CD37000505A6 /* Carbon.framework in Frameworks */,
			);
			runOnlyForDeploymentPostprocessing = 0;
		};
/* End PBXFrameworksBuildPhase section */

/* Begin PBXGroup section */
		195DF8CFFE9D517E11CA2CBB /* Products */ = {
			isa = PBXGroup;
			children = (
				8D0C4E970486CD37000505A6 /* DyneTK.app */,
			);
			name = Products;
			sourceTree = "<group>";
		};
		20286C29FDCF999611CA2CEA /* FltkTpl */ = {
			isa = PBXGroup;
			children = (
				20286C2AFDCF999611CA2CEA /* Sources */,
				20286C2CFDCF999611CA2CEA /* Resources */,
				20286C32FDCF999611CA2CEA /* External Frameworks and Libraries */,
				195DF8CFFE9D517E11CA2CBB /* Products */,
				C9FBA0A50DE4C01900026BB1 /* BUILDING */,
			);
			name = FltkTpl;
			sourceTree = "<group>";
		};
		20286C2AFDCF999611CA2CEA /* Sources */ = {
			isa = PBXGroup;
			children = (
				C9FBA09C0DE4BEFD00026BB1 /* allNewt.h */,
				C9FBA09D0DE4BEFD00026BB1 /* main.h */,
				C9FBA09E0DE4BEFD00026BB1 /* globals.h */,
				C9FBA09F0DE4BEFD00026BB1 /* sandbox.h */,
				C9FB9BA10DE352BE00026BB1 /* globals.cxx */,
				C9FB9B9B0DE352BE00026BB1 /* main.cxx */,
				C9FB9B540DE352BD00026BB1 /* sandbox.cxx */,
				C9FBA0430DE3753800026BB1 /* Newton21.ptf */,
				C9FBA0440DE3753800026BB1 /* Newton21.txt */,
				C9FB9B550DE352BD00026BB1 /* dtk */,
				C989497F0DE9E4D70026565F /* ui */,
				C9FB9B860DE352BE00026BB1 /* fluid */,
				C9FB9B9C0DE352BE00026BB1 /* flnt */,
				C9FB9BA30DE352BE00026BB1 /* fltk */,
				C9FF05BB0BC6267E008673DF /* images */,
				32DBCF6D0370B57F00C91783 /* FltkTpl_Prefix.pch */,
			);
			name = Sources;
			sourceTree = "<group>";
		};
		20286C2CFDCF999611CA2CEA /* Resources */ = {
			isa = PBXGroup;
			children = (
				8D0C4E960486CD37000505A6 /* Info.plist */,
				0867D6AAFE840B52C02AAC07 /* InfoPlist.strings */,
			);
			name = Resources;
			sourceTree = "<group>";
		};
		20286C32FDCF999611CA2CEA /* External Frameworks and Libraries */ = {
			isa = PBXGroup;
			children = (
				20286C33FDCF999611CA2CEA /* Carbon.framework */,
				4A9504CAFFE6A41611CA0CBA /* CoreServices.framework */,
				4A9504C8FFE6A3BC11CA0CBA /* ApplicationServices.framework */,
			);
			name = "External Frameworks and Libraries";
			sourceTree = "<group>";
		};
		C989497F0DE9E4D70026565F /* ui */ = {
			isa = PBXGroup;
			children = (
			);
			name = ui;
			sourceTree = "<group>";
		};
		C9FB9B550DE352BD00026BB1 /* dtk */ = {
			isa = PBXGroup;
			children = (
				C98949790DE9E4CA0026565F /* Dtk_Layout.cxx */,
				C989497A0DE9E4CA0026565F /* Dtk_Layout.h */,
				C989497B0DE9E4CA0026565F /* Dtk_Script.cxx */,
				C989497C0DE9E4CA0026565F /* Dtk_Script.h */,
				C9FB9B560DE352BD00026BB1 /* Dtk_Document.cxx */,
				C9FB9B570DE352BD00026BB1 /* Dtk_Document.h */,
				C9FB9B590DE352BE00026BB1 /* Dtk_Document_List.cxx */,
				C9FB9B5A0DE352BE00026BB1 /* Dtk_Document_List.h */,
				C9FB9B5C0DE352BE00026BB1 /* Dtk_Error.cxx */,
				C9FB9B5D0DE352BE00026BB1 /* Dtk_Error.h */,
				C9FB9B620DE352BE00026BB1 /* Dtk_Platform.cxx */,
				C9FB9B630DE352BE00026BB1 /* Dtk_Platform.h */,
				C9FB9B650DE352BE00026BB1 /* Dtk_Project.cxx */,
				C9FB9B660DE352BE00026BB1 /* Dtk_Project.h */,
				C9FB9B680DE352BE00026BB1 /* Dtk_Proto_Slot.cxx */,
				C9FB9B690DE352BE00026BB1 /* Dtk_Proto_Slot.h */,
				C9FB9B6B0DE352BE00026BB1 /* Dtk_Rect_Slot.cxx */,
				C9FB9B6C0DE352BE00026BB1 /* Dtk_Rect_Slot.h */,
				C9FB9B710DE352BE00026BB1 /* Dtk_Script_Slot.cxx */,
				C9FB9B720DE352BE00026BB1 /* Dtk_Script_Slot.h */,
				C9FB9B740DE352BE00026BB1 /* Dtk_Script_Writer.cxx */,
				C9FB9B750DE352BE00026BB1 /* Dtk_Script_Writer.h */,
				C9FB9B770DE352BE00026BB1 /* Dtk_Slot.cxx */,
				C9FB9B780DE352BE00026BB1 /* Dtk_Slot.h */,
				C9FB9B7A0DE352BE00026BB1 /* Dtk_Slot_List.cxx */,
				C9FB9B7B0DE352BE00026BB1 /* Dtk_Slot_List.h */,
				C9FB9B7D0DE352BE00026BB1 /* Dtk_Template.cxx */,
				C9FB9B7E0DE352BE00026BB1 /* Dtk_Template.h */,
				C9FB9B800DE352BE00026BB1 /* Dtk_Template_List.cxx */,
				C9FB9B810DE352BE00026BB1 /* Dtk_Template_List.h */,
				C9FB9B830DE352BE00026BB1 /* Dtk_Value_Slot.cxx */,
				C9FB9B840DE352BE00026BB1 /* Dtk_Value_Slot.h */,
			);
			name = dtk;
			path = ../dtk;
			sourceTree = SOURCE_ROOT;
		};
		C9FB9B860DE352BE00026BB1 /* fluid */ = {
			isa = PBXGroup;
			children = (
				C9FB9B870DE352BE00026BB1 /* Fldtk_Inspector.cxx */,
				C9FB9B890DE352BE00026BB1 /* Fldtk_Inspector.h */,
				C9FB9B8B0DE352BE00026BB1 /* Fldtk_Prefs.cxx */,
				C9FB9B8D0DE352BE00026BB1 /* Fldtk_Prefs.h */,
				C9FB9B8F0DE352BE00026BB1 /* Fldtk_Proj_Settings.cxx */,
				C9FB9B910DE352BE00026BB1 /* Fldtk_Proj_Settings.h */,
				C9FB9B930DE352BE00026BB1 /* Fldtk_Snapshot.cxx */,
				C9FB9B950DE352BE00026BB1 /* Fldtk_Snapshot.h */,
				C9FB9B970DE352BE00026BB1 /* main_ui.cxx */,
				C9FB9B990DE352BE00026BB1 /* main_ui.h */,
			);
			name = fluid;
			path = ../fluid;
			sourceTree = SOURCE_ROOT;
		};
		C9FB9B9C0DE352BE00026BB1 /* flnt */ = {
			isa = PBXGroup;
			children = (
				C9FB9B9D0DE352BE00026BB1 /* Flnt_Widget.cxx */,
				C9FB9B9E0DE352BE00026BB1 /* Flnt_Widget.h */,
			);
			name = flnt;
			path = ../flnt;
			sourceTree = SOURCE_ROOT;
		};
		C9FB9BA30DE352BE00026BB1 /* fltk */ = {
			isa = PBXGroup;
			children = (
				C9FB9BA40DE352BE00026BB1 /* Fldtk_Document_Browser.cxx */,
				C9FB9BA50DE352BE00026BB1 /* Fldtk_Document_Browser.h */,
				C9FB9BA70DE352BE00026BB1 /* Fldtk_Document_Tabs.cxx */,
				C9FB9BA80DE352BE00026BB1 /* Fldtk_Document_Tabs.h */,
				C9FB9BAA0DE352BE00026BB1 /* Fldtk_Editor.cxx */,
				C9FB9BAB0DE352BE00026BB1 /* Fldtk_Editor.h */,
				C9FB9BAD0DE352BE00026BB1 /* Fldtk_Format_Slot_Editor.cxx */,
				C9FB9BAF0DE352BE00026BB1 /* Fldtk_Format_Slot_Editor.h */,
				C9FB9BB10DE352BE00026BB1 /* Fldtk_Justify_Slot_Editor.cxx */,
				C9FB9BB30DE352BE00026BB1 /* Fldtk_Justify_Slot_Editor.h */,
				C9FB9BB50DE352BE00026BB1 /* Fldtk_Layout_Editor.cxx */,
				C9FB9BB60DE352BE00026BB1 /* Fldtk_Layout_Editor.h */,
				C9FB9BB80DE352BE00026BB1 /* Fldtk_Layout_View.cxx */,
				C9FB9BB90DE352BE00026BB1 /* Fldtk_Layout_View.h */,
				C9FB9BBB0DE352BE00026BB1 /* Fldtk_Proto_Slot_Editor.cxx */,
				C9FB9BBC0DE352BE00026BB1 /* Fldtk_Proto_Slot_Editor.h */,
				C9FB9BBE0DE352BE00026BB1 /* Fldtk_Rect_Slot_Editor.cxx */,
				C9FB9BBF0DE352BE00026BB1 /* Fldtk_Rect_Slot_Editor.h */,
				C9FB9BC10DE352BE00026BB1 /* Fldtk_Script_Editor.cxx */,
				C9FB9BC20DE352BE00026BB1 /* Fldtk_Script_Editor.h */,
				C9FB9BC40DE352BE00026BB1 /* Fldtk_Script_Slot_Editor.cxx */,
				C9FB9BC50DE352BE00026BB1 /* Fldtk_Script_Slot_Editor.h */,
				C9FB9BC70DE352BE00026BB1 /* Fldtk_Slot_Browser.cxx */,
				C9FB9BC80DE352BE00026BB1 /* Fldtk_Slot_Browser.h */,
				C9FB9BCA0DE352BE00026BB1 /* Fldtk_Slot_Editor_Group.cxx */,
				C9FB9BCB0DE352BE00026BB1 /* Fldtk_Slot_Editor_Group.h */,
				C9FB9BCD0DE352BE00026BB1 /* Fldtk_Tmpl_Browser.cxx */,
				C9FB9BCE0DE352BE00026BB1 /* Fldtk_Tmpl_Browser.h */,
				C9FB9BD00DE352BE00026BB1 /* Fldtk_Value_Slot_Editor.cxx */,
				C9FB9BD10DE352BE00026BB1 /* Fldtk_Value_Slot_Editor.h */,
				C9FB9BD40DE352BE00026BB1 /* Flio_Inspector.cxx */,
				C9FB9BD50DE352BE00026BB1 /* Flio_Inspector.h */,
				C9FB9BD70DE352BE00026BB1 /* Flio_MNP4_Protocol.cxx */,
				C9FB9BD80DE352BE00026BB1 /* Flio_MNP4_Protocol.h */,
				C9FB9BDA0DE352BE00026BB1 /* Flio_Pipe.cxx */,
				C9FB9BDB0DE352BE00026BB1 /* Flio_Pipe.h */,
				C9FB9BDD0DE352BE00026BB1 /* Flio_Serial_Port.cxx */,
				C9FB9BDE0DE352BE00026BB1 /* Flio_Serial_Port.h */,
				C9FB9BE00DE352BE00026BB1 /* Flio_Stream.cxx */,
				C9FB9BE10DE352BE00026BB1 /* Flio_Stream.h */,
				C9FB9BE30DE352BE00026BB1 /* Flmm_Console.cxx */,
				C9FB9BE40DE352BE00026BB1 /* Flmm_Console.h */,
				C9FB9BE60DE352BE00026BB1 /* Flmm_Message.cxx */,
				C9FB9BE70DE352BE00026BB1 /* Flmm_Message.H */,
				C9FB9BE90DE352BE00026BB1 /* Flmm_Newt_Script_Editor.cxx */,
				C9FB9BEA0DE352BE00026BB1 /* Flmm_Newt_Script_Editor.h */,
				C9FB9BEC0DE352BE00026BB1 /* Flmm_Set_Check_Button.cxx */,
				C9FB9BED0DE352BE00026BB1 /* Flmm_Set_Check_Button.h */,
				C9FB9BEF0DE352BE00026BB1 /* Flmm_Set_Input.cxx */,
				C9FB9BF00DE352BE00026BB1 /* Flmm_Set_Input.h */,
				C9FB9BF20DE352BE00026BB1 /* Flmm_Signal.cxx */,
				C9FB9BF30DE352BE00026BB1 /* Flmm_Signal.h */,
				C9FB9BF50DE352BE00026BB1 /* Flmp_Image.cxx */,
				C9FB9BF60DE352BE00026BB1 /* Flmp_Image.H */,
			);
			name = fltk;
			path = ../fltk;
			sourceTree = SOURCE_ROOT;
		};
		C9FF05BB0BC6267E008673DF /* images */ = {
			isa = PBXGroup;
			children = (
				C98949690DE9D48F0026565F /* toolbox_002.icns */,
				C9FF05BC0BC6267E008673DF /* toolbox_closed.xpm */,
				C9FF05BD0BC6267E008673DF /* toolbox_inactive.xpm */,
				C9FF05BE0BC6267E008673DF /* toolbox_open.xpm */,
			);
			name = images;
			path = ../images;
			sourceTree = SOURCE_ROOT;
		};
/* End PBXGroup section */

/* Begin PBXNativeTarget section */
		8D0C4E890486CD37000505A6 /* DyneTK */ = {
			isa = PBXNativeTarget;
			buildConfigurationList = C0E91AC508A95435008D54AB /* Build configuration list for PBXNativeTarget "DyneTK" */;
			buildPhases = (
				8D0C4E8C0486CD37000505A6 /* Resources */,
				8D0C4E8F0486CD37000505A6 /* Sources */,
				8D0C4E910486CD37000505A6 /* Frameworks */,
				C9FBA0420DE3750600026BB1 /* CopyFiles */,
				C98949760DE9D58E0026565F /* CopyFiles */,
			);
			buildRules = (
			);
			dependencies = (
			);
			name = DyneTK;
			productInstallPath = "$(HOME)/Applications";
			productName = FltkTpl;
			productReference = 8D0C4E970486CD37000505A6 /* DyneTK.app */;
			productType = "com.apple.product-type.application";
		};
/* End PBXNativeTarget section */

/* Begin PBXProject section */
		20286C28FDCF999611CA2CEA /* Project object */ = {
			isa = PBXProject;
			buildConfigurationList = C0E91AC908A95435008D54AB /* Build configuration list for PBXProject "DyneTK" */;
			compatibilityVersion = "Xcode 2.4";
			hasScannedForEncodings = 1;
			mainGroup = 20286C29FDCF999611CA2CEA /* FltkTpl */;
			projectDirPath = "";
			projectRoot = "";
			targets = (
				8D0C4E890486CD37000505A6 /* DyneTK */,
			);
		};
/* End PBXProject section */

/* Begin PBXResourcesBuildPhase section */
		8D0C4E8C0486CD37000505A6 /* Resources */ = {
			isa = PBXResourcesBuildPhase;
			buildActionMask = 2147483647;
			files = (
				8D0C4E8D0486CD37000505A6 /* InfoPlist.strings in Resources */,
				C9FF05EE0BC6267E008673DF /* toolbox_closed.xpm in Resources */,
				C9FF05EF0BC6267E008673DF /* toolbox_inactive.xpm in Resources */,
				C9FF05F00BC6267E008673DF /* toolbox_open.xpm in Resources */,
			);
			runOnlyForDeploymentPostprocessing = 0;
		};
/* End PBXResourcesBuildPhase section */

/* Begin PBXSourcesBuildPhase section */
		8D0C4E8F0486CD37000505A6 /* Sources */ = {
			isa = PBXSourcesBuildPhase;
			buildActionMask = 2147483647;
			files = (
				C9FB9BF80DE352BE00026BB1 /* sandbox.cxx in Sources */,
				C9FB9BF90DE352BE00026BB1 /* Dtk_Document.cxx in Sources */,
				C9FB9BFB0DE352BE00026BB1 /* Dtk_Document_List.cxx in Sources */,
				C9FB9BFD0DE352BE00026BB1 /* Dtk_Error.cxx in Sources */,
				C9FB9C010DE352BE00026BB1 /* Dtk_Platform.cxx in Sources */,
				C9FB9C030DE352BE00026BB1 /* Dtk_Project.cxx in Sources */,
				C9FB9C050DE352BE00026BB1 /* Dtk_Proto_Slot.cxx in Sources */,
				C9FB9C070DE352BE00026BB1 /* Dtk_Rect_Slot.cxx in Sources */,
				C9FB9C0B0DE352BE00026BB1 /* Dtk_Script_Slot.cxx in Sources */,
				C9FB9C0D0DE352BE00026BB1 /* Dtk_Script_Writer.cxx in Sources */,
				C9FB9C0F0DE352BE00026BB1 /* Dtk_Slot.cxx in Sources */,
				C9FB9C110DE352BE00026BB1 /* Dtk_Slot_List.cxx in Sources */,
				C9FB9C130DE352BE00026BB1 /* Dtk_Template.cxx in Sources */,
				C9FB9C150DE352BE00026BB1 /* Dtk_Template_List.cxx in Sources */,
				C9FB9C170DE352BE00026BB1 /* Dtk_Value_Slot.cxx in Sources */,
				C9FB9C190DE352BE00026BB1 /* Fldtk_Inspector.cxx in Sources */,
				C9FB9C1C0DE352BE00026BB1 /* Fldtk_Prefs.cxx in Sources */,
				C9FB9C1F0DE352BE00026BB1 /* Fldtk_Proj_Settings.cxx in Sources */,
				C9FB9C220DE352BE00026BB1 /* Fldtk_Snapshot.cxx in Sources */,
				C9FB9C250DE352BE00026BB1 /* main_ui.cxx in Sources */,
				C9FB9C280DE352BE00026BB1 /* main.cxx in Sources */,
				C9FB9C290DE352BE00026BB1 /* Flnt_Widget.cxx in Sources */,
				C9FB9C2B0DE352BE00026BB1 /* globals.cxx in Sources */,
				C9FB9C2C0DE352BE00026BB1 /* Fldtk_Document_Browser.cxx in Sources */,
				C9FB9C2E0DE352BE00026BB1 /* Fldtk_Document_Tabs.cxx in Sources */,
				C9FB9C300DE352BE00026BB1 /* Fldtk_Editor.cxx in Sources */,
				C9FB9C320DE352BE00026BB1 /* Fldtk_Format_Slot_Editor.cxx in Sources */,
				C9FB9C350DE352BE00026BB1 /* Fldtk_Justify_Slot_Editor.cxx in Sources */,
				C9FB9C380DE352BE00026BB1 /* Fldtk_Layout_Editor.cxx in Sources */,
				C9FB9C3A0DE352BE00026BB1 /* Fldtk_Layout_View.cxx in Sources */,
				C9FB9C3C0DE352BE00026BB1 /* Fldtk_Proto_Slot_Editor.cxx in Sources */,
				C9FB9C3E0DE352BE00026BB1 /* Fldtk_Rect_Slot_Editor.cxx in Sources */,
				C9FB9C400DE352BE00026BB1 /* Fldtk_Script_Editor.cxx in Sources */,
				C9FB9C420DE352BE00026BB1 /* Fldtk_Script_Slot_Editor.cxx in Sources */,
				C9FB9C440DE352BE00026BB1 /* Fldtk_Slot_Browser.cxx in Sources */,
				C9FB9C460DE352BE00026BB1 /* Fldtk_Slot_Editor_Group.cxx in Sources */,
				C9FB9C480DE352BE00026BB1 /* Fldtk_Tmpl_Browser.cxx in Sources */,
				C9FB9C4A0DE352BE00026BB1 /* Fldtk_Value_Slot_Editor.cxx in Sources */,
				C9FB9C4D0DE352BE00026BB1 /* Flio_Inspector.cxx in Sources */,
				C9FB9C4F0DE352BE00026BB1 /* Flio_MNP4_Protocol.cxx in Sources */,
				C9FB9C510DE352BE00026BB1 /* Flio_Pipe.cxx in Sources */,
				C9FB9C530DE352BE00026BB1 /* Flio_Serial_Port.cxx in Sources */,
				C9FB9C550DE352BE00026BB1 /* Flio_Stream.cxx in Sources */,
				C9FB9C570DE352BE00026BB1 /* Flmm_Console.cxx in Sources */,
				C9FB9C590DE352BE00026BB1 /* Flmm_Message.cxx in Sources */,
				C9FB9C5B0DE352BE00026BB1 /* Flmm_Newt_Script_Editor.cxx in Sources */,
				C9FB9C5D0DE352BE00026BB1 /* Flmm_Set_Check_Button.cxx in Sources */,
				C9FB9C5F0DE352BE00026BB1 /* Flmm_Set_Input.cxx in Sources */,
				C9FB9C610DE352BE00026BB1 /* Flmm_Signal.cxx in Sources */,
				C9FB9C630DE352BE00026BB1 /* Flmp_Image.cxx in Sources */,
				C989497D0DE9E4CA0026565F /* Dtk_Layout.cxx in Sources */,
				C989497E0DE9E4CA0026565F /* Dtk_Script.cxx in Sources */,
			);
			runOnlyForDeploymentPostprocessing = 0;
		};
/* End PBXSourcesBuildPhase section */

/* Begin PBXVariantGroup section */
		0867D6AAFE840B52C02AAC07 /* InfoPlist.strings */ = {
			isa = PBXVariantGroup;
			children = (
				0867D6ABFE840B52C02AAC07 /* English */,
			);
			name = InfoPlist.strings;
			sourceTree = "<group>";
		};
/* End PBXVariantGroup section */

/* Begin XCBuildConfiguration section */
		C0E91AC608A95435008D54AB /* Debug */ = {
			isa = XCBuildConfiguration;
			buildSettings = {
				COPY_PHASE_STRIP = NO;
				GCC_DYNAMIC_NO_PIC = NO;
				GCC_ENABLE_FIX_AND_CONTINUE = YES;
				GCC_MODEL_TUNING = G5;
				GCC_OPTIMIZATION_LEVEL = 0;
				GCC_PRECOMPILE_PREFIX_HEADER = YES;
				GCC_PREFIX_HEADER = FltkTpl_Prefix.pch;
				GCC_PREPROCESSOR_DEFINITIONS = USING_APPLE_BUNDLE;
				GCC_WARN_ABOUT_DEPRECATED_FUNCTIONS = NO;
				HEADER_SEARCH_PATHS = (
					..,
					/usr/local/include,
					/usr/local/include/FL/images,
					../../../newt0/src/,
					../../../newt0/src/newt_core/incs,
				);
				INFOPLIST_FILE = Info.plist;
				INSTALL_PATH = "$(HOME)/Applications";
				LIBRARY_SEARCH_PATHS = (
					/usr/local/lib,
					../../../newt0/build,
				);
				OTHER_LDFLAGS = (
					"$(OTHER_LDFLAGS)",
					"-lnewt",
					"-liconv",
					"-lfltk",
					"-lfltk_images",
					"-lfltk_jpeg",
					"-lfltk_png",
				);
				PRODUCT_NAME = DyneTK;
				SDKROOT = /Developer/SDKs/MacOSX10.4u.sdk;
				USER_HEADER_SEARCH_PATHS = /usr/local/include;
				WRAPPER_EXTENSION = app;
				ZERO_LINK = NO;
			};
			name = Debug;
		};
		C0E91AC708A95435008D54AB /* Release */ = {
			isa = XCBuildConfiguration;
			buildSettings = {
				ARCHS = (
					i386,
					ppc,
				);
				GCC_GENERATE_DEBUGGING_SYMBOLS = NO;
				GCC_MODEL_TUNING = G5;
				GCC_PRECOMPILE_PREFIX_HEADER = YES;
				GCC_PREFIX_HEADER = FltkTpl_Prefix.pch;
				GCC_PREPROCESSOR_DEFINITIONS = USING_APPLE_BUNDLE;
				GCC_WARN_ABOUT_DEPRECATED_FUNCTIONS = NO;
				HEADER_SEARCH_PATHS = (
					..,
					/usr/local/include,
					/usr/local/include/FL/images,
					../../../newt0/src/,
					../../../newt0/src/newt_core/incs,
				);
				INFOPLIST_FILE = Info.plist;
				INSTALL_PATH = "$(HOME)/Applications";
				LIBRARY_SEARCH_PATHS = (
					/usr/local/lib,
					../../../newt0/build,
				);
				OTHER_LDFLAGS = (
					"$(OTHER_LDFLAGS)",
					"-lnewt",
					"-liconv",
					"-lfltk",
					"-lfltk_images",
					"-lfltk_jpeg",
					"-lfltk_png",
				);
				PRODUCT_NAME = DyneTK;
				SDKROOT = /Developer/SDKs/MacOSX10.4u.sdk;
				USER_HEADER_SEARCH_PATHS = /usr/local/include;
				WRAPPER_EXTENSION = app;
			};
			name = Release;
		};
		C0E91ACA08A95435008D54AB /* Debug */ = {
			isa = XCBuildConfiguration;
			buildSettings = {
				GCC_WARN_ABOUT_RETURN_TYPE = YES;
				GCC_WARN_UNUSED_VARIABLE = YES;
				HEADER_SEARCH_PATHS = (
					..,
					../../../newt0/src/newt_core/incs/darwin/,
					../../../newt0/src/newt_core/incs,
				);
				LIBRARY_SEARCH_PATHS = "$(LIBRARY_SEARCH_PATHS)";
				PREBINDING = NO;
				SDKROOT = /Developer/SDKs/MacOSX10.4u.sdk;
			};
			name = Debug;
		};
		C0E91ACB08A95435008D54AB /* Release */ = {
			isa = XCBuildConfiguration;
			buildSettings = {
				GCC_WARN_ABOUT_RETURN_TYPE = YES;
				GCC_WARN_UNUSED_VARIABLE = YES;
				LIBRARY_SEARCH_PATHS = "$(LIBRARY_SEARCH_PATHS)";
				PREBINDING = NO;
				SDKROOT = /Developer/SDKs/MacOSX10.4u.sdk;
			};
			name = Release;
		};
/* End XCBuildConfiguration section */

/* Begin XCConfigurationList section */
		C0E91AC508A95435008D54AB /* Build configuration list for PBXNativeTarget "DyneTK" */ = {
			isa = XCConfigurationList;
			buildConfigurations = (
				C0E91AC608A95435008D54AB /* Debug */,
				C0E91AC708A95435008D54AB /* Release */,
			);
			defaultConfigurationIsVisible = 0;
			defaultConfigurationName = Release;
		};
		C0E91AC908A95435008D54AB /* Build configuration list for PBXProject "DyneTK" */ = {
			isa = XCConfigurationList;
			buildConfigurations = (
				C0E91ACA08A95435008D54AB /* Debug */,
				C0E91ACB08A95435008D54AB /* Release */,
			);
			defaultConfigurationIsVisible = 0;
			defaultConfigurationName = Release;
		};
/* End XCConfigurationList section */
	};
	rootObject = 20286C28FDCF999611CA2CEA /* Project object */;
}
